
Microsoft Visual Studio Solution File, Format Version 12.00
# Visual Studio 2013
VisualStudioVersion = 12.0.31101.0
MinimumVisualStudioVersion = 10.0.40219.1
Project("{FAE04EC0-301F-11D3-BF4B-00C04F79EFBC}") = "VueJSDemo", "VueJSDemo\VueJSDemo.csproj", "{2D554DF7-CDDF-4993-8C41-7580F41DBF88}"
EndProject
Project("{FAE04EC0-301F-11D3-BF4B-00C04F79EFBC}") = "Vue.Data", "Vue.Data\Vue.Data.csproj", "{F962D26F-BD4D-4360-977F-652B79275747}"
EndProject
Global
	GlobalSection(SolutionConfigurationPlatforms) = preSolution
		Debug|Any CPU = Debug|Any CPU
		Release|Any CPU = Release|Any CPU
	EndGlobalSection
	GlobalSection(ProjectConfigurationPlatforms) = postSolution
		{2D554DF7-CDDF-4993-8C41-7580F41DBF88}.Debug|Any CPU.ActiveCfg = Debug|Any CPU
		{2D554DF7-CDDF-4993-8C41-7580F41DBF88}.Debug|Any CPU.Build.0 = Debug|Any CPU
		{2D554DF7-CDDF-4993-8C41-7580F41DBF88}.Release|Any CPU.ActiveCfg = Release|Any CPU
		{2D554DF7-CDDF-4993-8C41-7580F41DBF88}.Release|Any CPU.Build.0 = Release|Any CPU
		{F962D26F-BD4D-4360-977F-652B79275747}.Debug|Any CPU.ActiveCfg = Debug|Any CPU
		{F962D26F-BD4D-4360-977F-652B79275747}.Debug|Any CPU.Build.0 = Debug|Any CPU
		{F962D26F-BD4D-4360-977F-652B79275747}.Release|Any CPU.ActiveCfg = Release|Any CPU
		{F962D26F-BD4D-4360-977F-652B79275747}.Release|Any CPU.Build.0 = Release|Any CPU
	EndGlobalSection
	GlobalSection(SolutionProperties) = preSolution
		HideSolutionNode = FALSE
	EndGlobalSection
EndGlobal
